
Microsoft Visual Studio Solution File, Format Version 12.00
# Visual Studio Version 17
VisualStudioVersion = 17.4.33213.308
MinimumVisualStudioVersion = 10.0.40219.1
Project("{FAE04EC0-301F-11D3-BF4B-00C04F79EFBC}") = "Hello_World", "Hello_World.csproj", "{AF0EDF9F-0FBE-47FC-A030-E6E75DDBC4C6}"
EndProject
Global
	GlobalSection(SolutionConfigurationPlatforms) = preSolution
		Debug|Any CPU = Debug|Any CPU
		Release|Any CPU = Release|Any CPU
	EndGlobalSection
	GlobalSection(ProjectConfigurationPlatforms) = postSolution
		{AF0EDF9F-0FBE-47FC-A030-E6E75DDBC4C6}.Debug|Any CPU.ActiveCfg = Debug|Any CPU
		{AF0EDF9F-0FBE-47FC-A030-E6E75DDBC4C6}.Debug|Any CPU.Build.0 = Debug|Any CPU
		{AF0EDF9F-0FBE-47FC-A030-E6E75DDBC4C6}.Release|Any CPU.ActiveCfg = Release|Any CPU
		{AF0EDF9F-0FBE-47FC-A030-E6E75DDBC4C6}.Release|Any CPU.Build.0 = Release|Any CPU
	EndGlobalSection
	GlobalSection(SolutionProperties) = preSolution
		HideSolutionNode = FALSE
	EndGlobalSection
	GlobalSection(ExtensibilityGlobals) = postSolution
		SolutionGuid = {3DD354E6-F063-4912-A868-38D17F9BF17E}
	EndGlobalSection
EndGlobal
